// !$*UTF8*$!
{
	archiveVersion = 1;
	classes = {
	};
	objectVersion = 46;
	objects = {

/* Begin PBXBuildFile section */
		90F7D6AF1E9E190200227291 /* AppDelegate.swift in Sources */ = {isa = PBXBuildFile; fileRef = 90F7D6AE1E9E190200227291 /* AppDelegate.swift */; };
		90F7D6B11E9E190200227291 /* ViewController.swift in Sources */ = {isa = PBXBuildFile; fileRef = 90F7D6B01E9E190200227291 /* ViewController.swift */; };
		90F7D6B41E9E190200227291 /* Main.storyboard in Resources */ = {isa = PBXBuildFile; fileRef = 90F7D6B21E9E190200227291 /* Main.storyboard */; };
		90F7D6B61E9E190200227291 /* Assets.xcassets in Resources */ = {isa = PBXBuildFile; fileRef = 90F7D6B51E9E190200227291 /* Assets.xcassets */; };
		90F7D6B91E9E190200227291 /* LaunchScreen.storyboard in Resources */ = {isa = PBXBuildFile; fileRef = 90F7D6B71E9E190200227291 /* LaunchScreen.storyboard */; };
		A80B670AB81B3BE41918DD1E /* Pods_SwiftBoilerplate.framework in Frameworks */ = {isa = PBXBuildFile; fileRef = 2E20E8FFC4E0E210AC57B3AE /* Pods_SwiftBoilerplate.framework */; };
/* End PBXBuildFile section */

/* Begin PBXFileReference section */
		0998F70B0B0B5475885D6FFB /* Pods-SwiftBoilerplate.debug.xcconfig */ = {isa = PBXFileReference; includeInIndex = 1; lastKnownFileType = text.xcconfig; name = "Pods-SwiftBoilerplate.debug.xcconfig"; path = "Pods/Target Support Files/Pods-SwiftBoilerplate/Pods-SwiftBoilerplate.debug.xcconfig"; sourceTree = "<group>"; };
		2E20E8FFC4E0E210AC57B3AE /* Pods_SwiftBoilerplate.framework */ = {isa = PBXFileReference; explicitFileType = wrapper.framework; includeInIndex = 0; path = Pods_SwiftBoilerplate.framework; sourceTree = BUILT_PRODUCTS_DIR; };
		7CE6569DC89E61126B04AB58 /* Pods-SwiftBoilerplate.release.xcconfig */ = {isa = PBXFileReference; includeInIndex = 1; lastKnownFileType = text.xcconfig; name = "Pods-SwiftBoilerplate.release.xcconfig"; path = "Pods/Target Support Files/Pods-SwiftBoilerplate/Pods-SwiftBoilerplate.release.xcconfig"; sourceTree = "<group>"; };
		90F7D6AB1E9E190200227291 /* SwiftBoilerplate.app */ = {isa = PBXFileReference; explicitFileType = wrapper.application; includeInIndex = 0; path = SwiftBoilerplate.app; sourceTree = BUILT_PRODUCTS_DIR; };
		90F7D6AE1E9E190200227291 /* AppDelegate.swift */ = {isa = PBXFileReference; lastKnownFileType = sourcecode.swift; path = AppDelegate.swift; sourceTree = "<group>"; };
		90F7D6B01E9E190200227291 /* ViewController.swift */ = {isa = PBXFileReference; lastKnownFileType = sourcecode.swift; path = ViewController.swift; sourceTree = "<group>"; };
		90F7D6B31E9E190200227291 /* Base */ = {isa = PBXFileReference; lastKnownFileType = file.storyboard; name = Base; path = Base.lproj/Main.storyboard; sourceTree = "<group>"; };
		90F7D6B51E9E190200227291 /* Assets.xcassets */ = {isa = PBXFileReference; lastKnownFileType = folder.assetcatalog; path = Assets.xcassets; sourceTree = "<group>"; };
		90F7D6B81E9E190200227291 /* Base */ = {isa = PBXFileReference; lastKnownFileType = file.storyboard; name = Base; path = Base.lproj/LaunchScreen.storyboard; sourceTree = "<group>"; };
		90F7D6BA1E9E190200227291 /* Info.plist */ = {isa = PBXFileReference; lastKnownFileType = text.plist.xml; path = Info.plist; sourceTree = "<group>"; };
/* End PBXFileReference section */

/* Begin PBXFrameworksBuildPhase section */
		90F7D6A81E9E190200227291 /* Frameworks */ = {
			isa = PBXFrameworksBuildPhase;
			buildActionMask = 2147483647;
			files = (
				A80B670AB81B3BE41918DD1E /* Pods_SwiftBoilerplate.framework in Frameworks */,
			);
			runOnlyForDeploymentPostprocessing = 0;
		};
/* End PBXFrameworksBuildPhase section */

/* Begin PBXGroup section */
		83F06BC53993DA997F234452 /* Pods */ = {
			isa = PBXGroup;
			children = (
				0998F70B0B0B5475885D6FFB /* Pods-SwiftBoilerplate.debug.xcconfig */,
				7CE6569DC89E61126B04AB58 /* Pods-SwiftBoilerplate.release.xcconfig */,
			);
			name = Pods;
			sourceTree = "<group>";
		};
		90F7D6A21E9E190200227291 = {
			isa = PBXGroup;
			children = (
				90F7D6AD1E9E190200227291 /* SwiftBoilerplate */,
				90F7D6AC1E9E190200227291 /* Products */,
				83F06BC53993DA997F234452 /* Pods */,
				AECE36386DE192A80B7E3168 /* Frameworks */,
			);
			sourceTree = "<group>";
		};
		90F7D6AC1E9E190200227291 /* Products */ = {
			isa = PBXGroup;
			children = (
				90F7D6AB1E9E190200227291 /* SwiftBoilerplate.app */,
			);
			name = Products;
			sourceTree = "<group>";
		};
		90F7D6AD1E9E190200227291 /* SwiftBoilerplate */ = {
			isa = PBXGroup;
			children = (
				90F7D6AE1E9E190200227291 /* AppDelegate.swift */,
				90F7D6B01E9E190200227291 /* ViewController.swift */,
				90F7D6B21E9E190200227291 /* Main.storyboard */,
				90F7D6B51E9E190200227291 /* Assets.xcassets */,
				90F7D6B71E9E190200227291 /* LaunchScreen.storyboard */,
				90F7D6BA1E9E190200227291 /* Info.plist */,
			);
			path = SwiftBoilerplate;
			sourceTree = "<group>";
		};
		AECE36386DE192A80B7E3168 /* Frameworks */ = {
			isa = PBXGroup;
			children = (
				2E20E8FFC4E0E210AC57B3AE /* Pods_SwiftBoilerplate.framework */,
			);
			name = Frameworks;
			sourceTree = "<group>";
		};
/* End PBXGroup section */

/* Begin PBXNativeTarget section */
		90F7D6AA1E9E190200227291 /* SwiftBoilerplate */ = {
			isa = PBXNativeTarget;
			buildConfigurationList = 90F7D6BD1E9E190200227291 /* Build configuration list for PBXNativeTarget "SwiftBoilerplate" */;
			buildPhases = (
				FC3F903DDEF4212383CAF1FB /* [CP] Check Pods Manifest.lock */,
				90F7D6A71E9E190200227291 /* Sources */,
				90F7D6A81E9E190200227291 /* Frameworks */,
				90F7D6A91E9E190200227291 /* Resources */,
				902787DAD6BAD855B3FE57B5 /* [CP] Embed Pods Frameworks */,
				6108920186D77E43637DEE7F /* [CP] Copy Pods Resources */,
			);
			buildRules = (
			);
			dependencies = (
			);
			name = SwiftBoilerplate;
			productName = SwiftBoilerplate;
			productReference = 90F7D6AB1E9E190200227291 /* SwiftBoilerplate.app */;
			productType = "com.apple.product-type.application";
		};
/* End PBXNativeTarget section */

/* Begin PBXProject section */
		90F7D6A31E9E190200227291 /* Project object */ = {
			isa = PBXProject;
			attributes = {
				LastSwiftUpdateCheck = 0830;
				LastUpgradeCheck = 0830;
				TargetAttributes = {
					90F7D6AA1E9E190200227291 = {
						CreatedOnToolsVersion = 8.3.1;
						ProvisioningStyle = Automatic;
					};
				};
			};
			buildConfigurationList = 90F7D6A61E9E190200227291 /* Build configuration list for PBXProject "SwiftBoilerplate" */;
			compatibilityVersion = "Xcode 3.2";
			developmentRegion = English;
			hasScannedForEncodings = 0;
			knownRegions = (
				en,
				Base,
			);
			mainGroup = 90F7D6A21E9E190200227291;
			productRefGroup = 90F7D6AC1E9E190200227291 /* Products */;
			projectDirPath = "";
			projectRoot = "";
			targets = (
				90F7D6AA1E9E190200227291 /* SwiftBoilerplate */,
			);
		};
/* End PBXProject section */

/* Begin PBXResourcesBuildPhase section */
		90F7D6A91E9E190200227291 /* Resources */ = {
			isa = PBXResourcesBuildPhase;
			buildActionMask = 2147483647;
			files = (
				90F7D6B91E9E190200227291 /* LaunchScreen.storyboard in Resources */,
				90F7D6B61E9E190200227291 /* Assets.xcassets in Resources */,
				90F7D6B41E9E190200227291 /* Main.storyboard in Resources */,
			);
			runOnlyForDeploymentPostprocessing = 0;
		};
/* End PBXResourcesBuildPhase section */

/* Begin PBXShellScriptBuildPhase section */
		6108920186D77E43637DEE7F /* [CP] Copy Pods Resources */ = {
			isa = PBXShellScriptBuildPhase;
			buildActionMask = 2147483647;
			files = (
			);
			inputPaths = (
			);
			name = "[CP] Copy Pods Resources";
			outputPaths = (
			);
			runOnlyForDeploymentPostprocessing = 0;
			shellPath = /bin/sh;
			shellScript = "\"${SRCROOT}/Pods/Target Support Files/Pods-SwiftBoilerplate/Pods-SwiftBoilerplate-resources.sh\"\n";
			showEnvVarsInLog = 0;
		};
		902787DAD6BAD855B3FE57B5 /* [CP] Embed Pods Frameworks */ = {
			isa = PBXShellScriptBuildPhase;
			buildActionMask = 2147483647;
			files = (
			);
			inputPaths = (
			);
			name = "[CP] Embed Pods Frameworks";
			outputPaths = (
			);
			runOnlyForDeploymentPostprocessing = 0;
			shellPath = /bin/sh;
			shellScript = "\"${SRCROOT}/Pods/Target Support Files/Pods-SwiftBoilerplate/Pods-SwiftBoilerplate-frameworks.sh\"\n";
			showEnvVarsInLog = 0;
		};
		FC3F903DDEF4212383CAF1FB /* [CP] Check Pods Manifest.lock */ = {
			isa = PBXShellScriptBuildPhase;
			buildActionMask = 2147483647;
			files = (
			);
			inputPaths = (
			);
			name = "[CP] Check Pods Manifest.lock";
			outputPaths = (
			);
			runOnlyForDeploymentPostprocessing = 0;
			shellPath = /bin/sh;
			shellScript = "diff \"${PODS_PODFILE_DIR_PATH}/Podfile.lock\" \"${PODS_ROOT}/Manifest.lock\" > /dev/null\nif [ $? != 0 ] ; then\n    # print error to STDERR\n    echo \"error: The sandbox is not in sync with the Podfile.lock. Run 'pod install' or update your CocoaPods installation.\" >&2\n    exit 1\nfi\n";
			showEnvVarsInLog = 0;
		};
/* End PBXShellScriptBuildPhase section */

/* Begin PBXSourcesBuildPhase section */
		90F7D6A71E9E190200227291 /* Sources */ = {
			isa = PBXSourcesBuildPhase;
			buildActionMask = 2147483647;
			files = (
				90F7D6B11E9E190200227291 /* ViewController.swift in Sources */,
				90F7D6AF1E9E190200227291 /* AppDelegate.swift in Sources */,
			);
			runOnlyForDeploymentPostprocessing = 0;
		};
/* End PBXSourcesBuildPhase section */

/* Begin PBXVariantGroup section */
		90F7D6B21E9E190200227291 /* Main.storyboard */ = {
			isa = PBXVariantGroup;
			children = (
				90F7D6B31E9E190200227291 /* Base */,
			);
			name = Main.storyboard;
			sourceTree = "<group>";
		};
		90F7D6B71E9E190200227291 /* LaunchScreen.storyboard */ = {
			isa = PBXVariantGroup;
			children = (
				90F7D6B81E9E190200227291 /* Base */,
			);
			name = LaunchScreen.storyboard;
			sourceTree = "<group>";
		};
/* End PBXVariantGroup section */

/* Begin XCBuildConfiguration section */
		90F7D6BB1E9E190200227291 /* Debug */ = {
			isa = XCBuildConfiguration;
			buildSettings = {
				ALWAYS_SEARCH_USER_PATHS = NO;
				CLANG_ANALYZER_NONNULL = YES;
				CLANG_ANALYZER_NUMBER_OBJECT_CONVERSION = YES_AGGRESSIVE;
				CLANG_CXX_LANGUAGE_STANDARD = "gnu++0x";
				CLANG_CXX_LIBRARY = "libc++";
				CLANG_ENABLE_MODULES = YES;
				CLANG_ENABLE_OBJC_ARC = YES;
				CLANG_WARN_BOOL_CONVERSION = YES;
				CLANG_WARN_CONSTANT_CONVERSION = YES;
				CLANG_WARN_DIRECT_OBJC_ISA_USAGE = YES_ERROR;
				CLANG_WARN_DOCUMENTATION_COMMENTS = YES;
				CLANG_WARN_EMPTY_BODY = YES;
				CLANG_WARN_ENUM_CONVERSION = YES;
				CLANG_WARN_INFINITE_RECURSION = YES;
				CLANG_WARN_INT_CONVERSION = YES;
				CLANG_WARN_OBJC_ROOT_CLASS = YES_ERROR;
				CLANG_WARN_SUSPICIOUS_MOVE = YES;
				CLANG_WARN_UNREACHABLE_CODE = YES;
				CLANG_WARN__DUPLICATE_METHOD_MATCH = YES;
				"CODE_SIGN_IDENTITY[sdk=iphoneos*]" = "iPhone Developer";
				COPY_PHASE_STRIP = NO;
				DEBUG_INFORMATION_FORMAT = dwarf;
				ENABLE_STRICT_OBJC_MSGSEND = YES;
				ENABLE_TESTABILITY = YES;
				GCC_C_LANGUAGE_STANDARD = gnu99;
				GCC_DYNAMIC_NO_PIC = NO;
				GCC_NO_COMMON_BLOCKS = YES;
				GCC_OPTIMIZATION_LEVEL = 0;
				GCC_PREPROCESSOR_DEFINITIONS = (
					"DEBUG=1",
					"$(inherited)",
				);
				GCC_WARN_64_TO_32_BIT_CONVERSION = YES;
				GCC_WARN_ABOUT_RETURN_TYPE = YES_ERROR;
				GCC_WARN_UNDECLARED_SELECTOR = YES;
				GCC_WARN_UNINITIALIZED_AUTOS = YES_AGGRESSIVE;
				GCC_WARN_UNUSED_FUNCTION = YES;
				GCC_WARN_UNUSED_VARIABLE = YES;
				IPHONEOS_DEPLOYMENT_TARGET = 10.3;
				MTL_ENABLE_DEBUG_INFO = YES;
				ONLY_ACTIVE_ARCH = YES;
				SDKROOT = iphoneos;
				SWIFT_ACTIVE_COMPILATION_CONDITIONS = DEBUG;
				SWIFT_OPTIMIZATION_LEVEL = "-Onone";
			};
			name = Debug;
		};
		90F7D6BC1E9E190200227291 /* Release */ = {
			isa = XCBuildConfiguration;
			buildSettings = {
				ALWAYS_SEARCH_USER_PATHS = NO;
				CLANG_ANALYZER_NONNULL = YES;
				CLANG_ANALYZER_NUMBER_OBJECT_CONVERSION = YES_AGGRESSIVE;
				CLANG_CXX_LANGUAGE_STANDARD = "gnu++0x";
				CLANG_CXX_LIBRARY = "libc++";
				CLANG_ENABLE_MODULES = YES;
				CLANG_ENABLE_OBJC_ARC = YES;
				CLANG_WARN_BOOL_CONVERSION = YES;
				CLANG_WARN_CONSTANT_CONVERSION = YES;
				CLANG_WARN_DIRECT_OBJC_ISA_USAGE = YES_ERROR;
				CLANG_WARN_DOCUMENTATION_COMMENTS = YES;
				CLANG_WARN_EMPTY_BODY = YES;
				CLANG_WARN_ENUM_CONVERSION = YES;
				CLANG_WARN_INFINITE_RECURSION = YES;
				CLANG_WARN_INT_CONVERSION = YES;
				CLANG_WARN_OBJC_ROOT_CLASS = YES_ERROR;
				CLANG_WARN_SUSPICIOUS_MOVE = YES;
				CLANG_WARN_UNREACHABLE_CODE = YES;
				CLANG_WARN__DUPLICATE_METHOD_MATCH = YES;
				"CODE_SIGN_IDENTITY[sdk=iphoneos*]" = "iPhone Developer";
				COPY_PHASE_STRIP = NO;
				DEBUG_INFORMATION_FORMAT = "dwarf-with-dsym";
				ENABLE_NS_ASSERTIONS = NO;
				ENABLE_STRICT_OBJC_MSGSEND = YES;
				GCC_C_LANGUAGE_STANDARD = gnu99;
				GCC_NO_COMMON_BLOCKS = YES;
				GCC_WARN_64_TO_32_BIT_CONVERSION = YES;
				GCC_WARN_ABOUT_RETURN_TYPE = YES_ERROR;
				GCC_WARN_UNDECLARED_SELECTOR = YES;
				GCC_WARN_UNINITIALIZED_AUTOS = YES_AGGRESSIVE;
				GCC_WARN_UNUSED_FUNCTION = YES;
				GCC_WARN_UNUSED_VARIABLE = YES;
				IPHONEOS_DEPLOYMENT_TARGET = 10.3;
				MTL_ENABLE_DEBUG_INFO = NO;
				SDKROOT = iphoneos;
				SWIFT_OPTIMIZATION_LEVEL = "-Owholemodule";
				VALIDATE_PRODUCT = YES;
			};
			name = Release;
		};
		90F7D6BE1E9E190200227291 /* Debug */ = {
			isa = XCBuildConfiguration;
			baseConfigurationReference = 0998F70B0B0B5475885D6FFB /* Pods-SwiftBoilerplate.debug.xcconfig */;
			buildSettings = {
				ASSETCATALOG_COMPILER_APPICON_NAME = AppIcon;
				INFOPLIST_FILE = SwiftBoilerplate/Info.plist;
				LD_RUNPATH_SEARCH_PATHS = "$(inherited) @executable_path/Frameworks";
				PRODUCT_BUNDLE_IDENTIFIER = ru.mail.techpark.SwiftBoilerplate;
				PRODUCT_NAME = "$(TARGET_NAME)";
				SWIFT_VERSION = 3.0;
			};
			name = Debug;
		};
		90F7D6BF1E9E190200227291 /* Release */ = {
			isa = XCBuildConfiguration;
			baseConfigurationReference = 7CE6569DC89E61126B04AB58 /* Pods-SwiftBoilerplate.release.xcconfig */;
			buildSettings = {
				ASSETCATALOG_COMPILER_APPICON_NAME = AppIcon;
				INFOPLIST_FILE = SwiftBoilerplate/Info.plist;
				LD_RUNPATH_SEARCH_PATHS = "$(inherited) @executable_path/Frameworks";
				PRODUCT_BUNDLE_IDENTIFIER = ru.mail.techpark.SwiftBoilerplate;
				PRODUCT_NAME = "$(TARGET_NAME)";
				SWIFT_VERSION = 3.0;
			};
			name = Release;
		};
/* End XCBuildConfiguration section */

/* Begin XCConfigurationList section */
		90F7D6A61E9E190200227291 /* Build configuration list for PBXProject "SwiftBoilerplate" */ = {
			isa = XCConfigurationList;
			buildConfigurations = (
				90F7D6BB1E9E190200227291 /* Debug */,
				90F7D6BC1E9E190200227291 /* Release */,
			);
			defaultConfigurationIsVisible = 0;
			defaultConfigurationName = Release;
		};
		90F7D6BD1E9E190200227291 /* Build configuration list for PBXNativeTarget "SwiftBoilerplate" */ = {
			isa = XCConfigurationList;
			buildConfigurations = (
				90F7D6BE1E9E190200227291 /* Debug */,
				90F7D6BF1E9E190200227291 /* Release */,
			);
			defaultConfigurationIsVisible = 0;
		};
/* End XCConfigurationList section */
	};
	rootObject = 90F7D6A31E9E190200227291 /* Project object */;
}
